Microsoft Visual Studio Solution File, Format Version 12.00
# Visual Studio Version 17
VisualStudioVersion = 17.5.2.0
MinimumVisualStudioVersion = 10.0.40219.1
Project("{FAE04EC0-301F-11D3-BF4B-00C04F79EFBC}") = "exercicios", "exercicios\exercicios.csproj", "{B1E7F329-B92B-CEE6-6FA6-F3B2DC0E803B}"
EndProject
Global
	GlobalSection(SolutionConfigurationPlatforms) = preSolution
		Debug|Any CPU = Debug|Any CPU
		Release|Any CPU = Release|Any CPU
	EndGlobalSection
	GlobalSection(ProjectConfigurationPlatforms) = postSolution
		{B1E7F329-B92B-CEE6-6FA6-F3B2DC0E803B}.Debug|Any CPU.ActiveCfg = Debug|Any CPU
		{B1E7F329-B92B-CEE6-6FA6-F3B2DC0E803B}.Debug|Any CPU.Build.0 = Debug|Any CPU
		{B1E7F329-B92B-CEE6-6FA6-F3B2DC0E803B}.Release|Any CPU.ActiveCfg = Release|Any CPU
		{B1E7F329-B92B-CEE6-6FA6-F3B2DC0E803B}.Release|Any CPU.Build.0 = Release|Any CPU
	EndGlobalSection
	GlobalSection(SolutionProperties) = preSolution
		HideSolutionNode = FALSE
	EndGlobalSection
	GlobalSection(ExtensibilityGlobals) = postSolution
		SolutionGuid = {5A390C80-705E-472B-8285-E6EDF25D25DE}
	EndGlobalSection
EndGlobal
